
Microsoft Visual Studio Solution File, Format Version 12.00
# Visual Studio 15
VisualStudioVersion = 15.0.27130.2020
MinimumVisualStudioVersion = 10.0.40219.1
Project("{9A19103F-16F7-4668-BE54-9A1E7A4F7556}") = "ConsoleApp1", "ConsoleApp1\ConsoleApp1.csproj", "{4E68175D-4821-4CA5-B5DD-2E812BC1266A}"
EndProject
Project("{9A19103F-16F7-4668-BE54-9A1E7A4F7556}") = "Foundatio.Redis", "Foundatio.Redis\Foundatio.Redis.csproj", "{5F957BD5-0064-4D8E-BA5B-207B2399CBBA}"
EndProject
Global
	GlobalSection(SolutionConfigurationPlatforms) = preSolution
		Debug|Any CPU = Debug|Any CPU
		Release|Any CPU = Release|Any CPU
	EndGlobalSection
	GlobalSection(ProjectConfigurationPlatforms) = postSolution
		{4E68175D-4821-4CA5-B5DD-2E812BC1266A}.Debug|Any CPU.ActiveCfg = Debug|Any CPU
		{4E68175D-4821-4CA5-B5DD-2E812BC1266A}.Debug|Any CPU.Build.0 = Debug|Any CPU
		{4E68175D-4821-4CA5-B5DD-2E812BC1266A}.Release|Any CPU.ActiveCfg = Release|Any CPU
		{4E68175D-4821-4CA5-B5DD-2E812BC1266A}.Release|Any CPU.Build.0 = Release|Any CPU
		{5F957BD5-0064-4D8E-BA5B-207B2399CBBA}.Debug|Any CPU.ActiveCfg = Debug|Any CPU
		{5F957BD5-0064-4D8E-BA5B-207B2399CBBA}.Debug|Any CPU.Build.0 = Debug|Any CPU
		{5F957BD5-0064-4D8E-BA5B-207B2399CBBA}.Release|Any CPU.ActiveCfg = Release|Any CPU
		{5F957BD5-0064-4D8E-BA5B-207B2399CBBA}.Release|Any CPU.Build.0 = Release|Any CPU
	EndGlobalSection
	GlobalSection(SolutionProperties) = preSolution
		HideSolutionNode = FALSE
	EndGlobalSection
	GlobalSection(ExtensibilityGlobals) = postSolution
		SolutionGuid = {B2684B38-4A51-4DBB-83C4-2DB045D20DB8}
	EndGlobalSection
EndGlobal
